<Solution>
    <Project Path="XScripTH.Contracts/XScripTH.Contracts.csproj"/>
    <Project Path="XScripTH.Core/XScripTH.Core.csproj"/>
    <Project Path="XScripTH.Engine/XScripTH.Engine.csproj"/>
    <Project Path="XScripTH.Engine.Tests/XScripTH.Engine.Tests.csproj"/>
    <Project Path="XScripTH.Language/XScripTH.Language.csproj"/>
    <Project Path="XScripTH.Language.Tests/XScripTH.Language.Tests.csproj"/>
    <Project Path="XScripTH/XScripTH.csproj"/>
</Solution>
